lockfileVersion: '9.0'

settings:
  autoInstallPeers: true
  excludeLinksFromLockfile: false

importers:

  .:
    dependencies:
      '@brittlehq/playwright-reporter':
        specifier: ^0.0.5
        version: 0.0.5(@playwright/test@1.60.0)
    devDependencies:
      '@playwright/test':
        specifier: ^1.49.0
        version: 1.60.0

packages:

  '@brittlehq/playwright-reporter@0.0.5':
    resolution: {integrity: sha512-K4kl8tK6rt48AHrQnISUljAiRnyG/zl/tYnTlt8oOGmyiftIKUZPEVSpEUUI1YWxc6Fkll7f69eTG1Tj5HIO4Q==}
    peerDependencies:
      '@playwright/test': '>=1.40.0'

  '@brittlehq/shared@0.0.1':
    resolution: {integrity: sha512-AKx2usSjQzlv9mB+Bf2IzCMCPCZ7yLnGxpe9lhgmofG4QKTw+DuckGYiPRBq7LKTNRA3Im9OiSh90Xg+xKZZ2w==}

  '@playwright/test@1.60.0':
    resolution: {integrity: sha512-O71yZIbAh/PxDMNGns37GHBIfrVkEVyn+AXyIa5dOTfb4/xNvRWV+Vv/NMbNCtODB/pO7vLlF2OTmMVLhmr7Ag==}
    engines: {node: '>=18'}
    hasBin: true

  fsevents@2.3.2:
    resolution: {integrity: sha512-xiqMQR4xAeHTuB9uWm+fFRcIOgKBMiOBP+eXiyT7jsgVCq1bkVygt00oASowB7EdtpOHaaPgKt812P9ab+DDKA==}
    engines: {node: ^8.16.0 || ^10.6.0 || >=11.0.0}
    os: [darwin]

  playwright-core@1.60.0:
    resolution: {integrity: sha512-9bW6zvX/m0lEbgTKJ6YppOKx8H3VOPBMOCFh2irXFOT4BbHgrx5hPjwJYLT40Lu+4qtD36qKc/Hn56StUW57IA==}
    engines: {node: '>=18'}
    hasBin: true

  playwright@1.60.0:
    resolution: {integrity: sha512-hheHdokM8cdqCb0lcE3s+zT4t4W+vvjpGxsZlDnikarzx8tSzMebh3UiFtgqwFwnTnjYQcsyMF8ei2mCO/tpeA==}
    engines: {node: '>=18'}
    hasBin: true

  zod@3.25.76:
    resolution: {integrity: sha512-gzUt/qt81nXsFGKIFcC3YnfEAx5NkunCfnDlvuBSSFS02bcXu4Lmea0AFIUwbLWxWPx3d9p8S5QoaujKcNQxcQ==}

snapshots:

  '@brittlehq/playwright-reporter@0.0.5(@playwright/test@1.60.0)':
    dependencies:
      '@brittlehq/shared': 0.0.1
      '@playwright/test': 1.60.0

  '@brittlehq/shared@0.0.1':
    dependencies:
      zod: 3.25.76

  '@playwright/test@1.60.0':
    dependencies:
      playwright: 1.60.0

  fsevents@2.3.2:
    optional: true

  playwright-core@1.60.0: {}

  playwright@1.60.0:
    dependencies:
      playwright-core: 1.60.0
    optionalDependencies:
      fsevents: 2.3.2

  zod@3.25.76: {}
